
Microsoft Visual Studio Solution File, Format Version 12.00
# Visual Studio Version 17
VisualStudioVersion = 17.13.35818.85 d17.13
MinimumVisualStudioVersion = 10.0.40219.1
Project("{FAE04EC0-301F-11D3-BF4B-00C04F79EFBC}") = "Image-Path-Finder", "Image-Path-Finder.csproj", "{C24F6BC3-6B64-4A33-94AC-AADED73357CE}"
EndProject
Global
	GlobalSection(SolutionConfigurationPlatforms) = preSolution
		Debug|Any CPU = Debug|Any CPU
		Release|Any CPU = Release|Any CPU
	EndGlobalSection
	GlobalSection(ProjectConfigurationPlatforms) = postSolution
		{C24F6BC3-6B64-4A33-94AC-AADED73357CE}.Debug|Any CPU.ActiveCfg = Debug|Any CPU
		{C24F6BC3-6B64-4A33-94AC-AADED73357CE}.Debug|Any CPU.Build.0 = Debug|Any CPU
		{C24F6BC3-6B64-4A33-94AC-AADED73357CE}.Release|Any CPU.ActiveCfg = Release|Any CPU
		{C24F6BC3-6B64-4A33-94AC-AADED73357CE}.Release|Any CPU.Build.0 = Release|Any CPU
	EndGlobalSection
	GlobalSection(SolutionProperties) = preSolution
		HideSolutionNode = FALSE
	EndGlobalSection
	GlobalSection(ExtensibilityGlobals) = postSolution
		SolutionGuid = {5535F38C-23CB-4735-9493-5EBD979E117D}
	EndGlobalSection
EndGlobal
